
Microsoft Visual Studio Solution File, Format Version 12.00
# Visual Studio Version 17
VisualStudioVersion = 17.13.35828.75 d17.13
MinimumVisualStudioVersion = 10.0.40219.1
Project("{FAE04EC0-301F-11D3-BF4B-00C04F79EFBC}") = "Demo1", "Demo1\Demo1.csproj", "{37E06F64-7718-47D3-B317-C5ED79AB1157}"
EndProject
Project("{FAE04EC0-301F-11D3-BF4B-00C04F79EFBC}") = "Demo.Domain", "Demo.Domain\Demo.Domain.csproj", "{04C92482-7585-4A01-BB87-429ECDF9A430}"
EndProject
Project("{FAE04EC0-301F-11D3-BF4B-00C04F79EFBC}") = "Demo.Infrastucture", "Demo.Infrastucture\Demo.Infrastucture.csproj", "{1DDFF9EE-BC49-4F12-BF22-A7A8BE62F885}"
EndProject
Project("{FAE04EC0-301F-11D3-BF4B-00C04F79EFBC}") = "Demo.Application", "Demo.Application\Demo.Application.csproj", "{8492C356-877E-45E0-9CA8-337942E96CC3}"
EndProject
Global
	GlobalSection(SolutionConfigurationPlatforms) = preSolution
		Debug|Any CPU = Debug|Any CPU
		Release|Any CPU = Release|Any CPU
	EndGlobalSection
	GlobalSection(ProjectConfigurationPlatforms) = postSolution
		{37E06F64-7718-47D3-B317-C5ED79AB1157}.Debug|Any CPU.ActiveCfg = Debug|Any CPU
		{37E06F64-7718-47D3-B317-C5ED79AB1157}.Debug|Any CPU.Build.0 = Debug|Any CPU
		{37E06F64-7718-47D3-B317-C5ED79AB1157}.Release|Any CPU.ActiveCfg = Release|Any CPU
		{37E06F64-7718-47D3-B317-C5ED79AB1157}.Release|Any CPU.Build.0 = Release|Any CPU
		{04C92482-7585-4A01-BB87-429ECDF9A430}.Debug|Any CPU.ActiveCfg = Debug|Any CPU
		{04C92482-7585-4A01-BB87-429ECDF9A430}.Debug|Any CPU.Build.0 = Debug|Any CPU
		{04C92482-7585-4A01-BB87-429ECDF9A430}.Release|Any CPU.ActiveCfg = Release|Any CPU
		{04C92482-7585-4A01-BB87-429ECDF9A430}.Release|Any CPU.Build.0 = Release|Any CPU
		{1DDFF9EE-BC49-4F12-BF22-A7A8BE62F885}.Debug|Any CPU.ActiveCfg = Debug|Any CPU
		{1DDFF9EE-BC49-4F12-BF22-A7A8BE62F885}.Debug|Any CPU.Build.0 = Debug|Any CPU
		{1DDFF9EE-BC49-4F12-BF22-A7A8BE62F885}.Release|Any CPU.ActiveCfg = Release|Any CPU
		{1DDFF9EE-BC49-4F12-BF22-A7A8BE62F885}.Release|Any CPU.Build.0 = Release|Any CPU
		{8492C356-877E-45E0-9CA8-337942E96CC3}.Debug|Any CPU.ActiveCfg = Debug|Any CPU
		{8492C356-877E-45E0-9CA8-337942E96CC3}.Debug|Any CPU.Build.0 = Debug|Any CPU
		{8492C356-877E-45E0-9CA8-337942E96CC3}.Release|Any CPU.ActiveCfg = Release|Any CPU
		{8492C356-877E-45E0-9CA8-337942E96CC3}.Release|Any CPU.Build.0 = Release|Any CPU
	EndGlobalSection
	GlobalSection(SolutionProperties) = preSolution
		HideSolutionNode = FALSE
	EndGlobalSection
	GlobalSection(ExtensibilityGlobals) = postSolution
		SolutionGuid = {40A2BD89-31F1-4498-91B1-BE93709785EC}
	EndGlobalSection
EndGlobal
